
Microsoft Visual Studio Solution File, Format Version 12.00
# Visual Studio Version 16
VisualStudioVersion = 16.0.29613.14
MinimumVisualStudioVersion = 10.0.40219.1
Project("{9A19103F-16F7-4668-BE54-9A1E7A4F7556}") = "LorisAngel.Common", "LorisAngel.Common\LorisAngel.Common.csproj", "{C2E395D1-0AEC-46EB-95E5-2A91F86AC6A6}"
EndProject
Project("{9A19103F-16F7-4668-BE54-9A1E7A4F7556}") = "LorisAngel.Webpanel", "LorisAngel.Webpanel\LorisAngel.Webpanel.csproj", "{D43AAD38-3EA9-4F79-B553-BF4D4CA79F03}"
EndProject
Project("{9A19103F-16F7-4668-BE54-9A1E7A4F7556}") = "LorisAngel.Bot", "LorisAngel.Bot\LorisAngel.Bot.csproj", "{D0DF8EF2-9BCA-4A87-A6CE-C8A44C7E6B93}"
EndProject
Global
	GlobalSection(SolutionConfigurationPlatforms) = preSolution
		Debug|Any CPU = Debug|Any CPU
		Release|Any CPU = Release|Any CPU
	EndGlobalSection
	GlobalSection(ProjectConfigurationPlatforms) = postSolution
		{C2E395D1-0AEC-46EB-95E5-2A91F86AC6A6}.Debug|Any CPU.ActiveCfg = Debug|Any CPU
		{C2E395D1-0AEC-46EB-95E5-2A91F86AC6A6}.Debug|Any CPU.Build.0 = Debug|Any CPU
		{C2E395D1-0AEC-46EB-95E5-2A91F86AC6A6}.Release|Any CPU.ActiveCfg = Release|Any CPU
		{C2E395D1-0AEC-46EB-95E5-2A91F86AC6A6}.Release|Any CPU.Build.0 = Release|Any CPU
		{D43AAD38-3EA9-4F79-B553-BF4D4CA79F03}.Debug|Any CPU.ActiveCfg = Debug|Any CPU
		{D43AAD38-3EA9-4F79-B553-BF4D4CA79F03}.Debug|Any CPU.Build.0 = Debug|Any CPU
		{D43AAD38-3EA9-4F79-B553-BF4D4CA79F03}.Release|Any CPU.ActiveCfg = Release|Any CPU
		{D43AAD38-3EA9-4F79-B553-BF4D4CA79F03}.Release|Any CPU.Build.0 = Release|Any CPU
		{D0DF8EF2-9BCA-4A87-A6CE-C8A44C7E6B93}.Debug|Any CPU.ActiveCfg = Debug|Any CPU
		{D0DF8EF2-9BCA-4A87-A6CE-C8A44C7E6B93}.Debug|Any CPU.Build.0 = Debug|Any CPU
		{D0DF8EF2-9BCA-4A87-A6CE-C8A44C7E6B93}.Release|Any CPU.ActiveCfg = Release|Any CPU
		{D0DF8EF2-9BCA-4A87-A6CE-C8A44C7E6B93}.Release|Any CPU.Build.0 = Release|Any CPU
	EndGlobalSection
	GlobalSection(SolutionProperties) = preSolution
		HideSolutionNode = FALSE
	EndGlobalSection
	GlobalSection(ExtensibilityGlobals) = postSolution
		SolutionGuid = {E3F13014-35C9-47FA-802A-7D1E55747DEC}
	EndGlobalSection
EndGlobal
